
Microsoft Visual Studio Solution File, Format Version 12.00
# Visual Studio Version 16
VisualStudioVersion = 16.0.30104.148
MinimumVisualStudioVersion = 10.0.40219.1
Project("{9A19103F-16F7-4668-BE54-9A1E7A4F7556}") = "TestMindbox", "TestMindbox\TestMindbox.csproj", "{D8EF3FB3-3F78-4A8A-BE28-729AA17E3672}"
EndProject
Project("{9A19103F-16F7-4668-BE54-9A1E7A4F7556}") = "Geometry", "Geometry\Geometry.csproj", "{95128E62-E984-41C3-97A7-21DCBEAA25A2}"
EndProject
Project("{FAE04EC0-301F-11D3-BF4B-00C04F79EFBC}") = "XUnitTestMindbox", "XUnitTestMindbox\XUnitTestMindbox.csproj", "{40054579-74E9-4411-938F-793208072B18}"
EndProject
Global
	GlobalSection(SolutionConfigurationPlatforms) = preSolution
		Debug|Any CPU = Debug|Any CPU
		Release|Any CPU = Release|Any CPU
	EndGlobalSection
	GlobalSection(ProjectConfigurationPlatforms) = postSolution
		{D8EF3FB3-3F78-4A8A-BE28-729AA17E3672}.Debug|Any CPU.ActiveCfg = Debug|Any CPU
		{D8EF3FB3-3F78-4A8A-BE28-729AA17E3672}.Debug|Any CPU.Build.0 = Debug|Any CPU
		{D8EF3FB3-3F78-4A8A-BE28-729AA17E3672}.Release|Any CPU.ActiveCfg = Release|Any CPU
		{D8EF3FB3-3F78-4A8A-BE28-729AA17E3672}.Release|Any CPU.Build.0 = Release|Any CPU
		{95128E62-E984-41C3-97A7-21DCBEAA25A2}.Debug|Any CPU.ActiveCfg = Debug|Any CPU
		{95128E62-E984-41C3-97A7-21DCBEAA25A2}.Debug|Any CPU.Build.0 = Debug|Any CPU
		{95128E62-E984-41C3-97A7-21DCBEAA25A2}.Release|Any CPU.ActiveCfg = Release|Any CPU
		{95128E62-E984-41C3-97A7-21DCBEAA25A2}.Release|Any CPU.Build.0 = Release|Any CPU
		{40054579-74E9-4411-938F-793208072B18}.Debug|Any CPU.ActiveCfg = Debug|Any CPU
		{40054579-74E9-4411-938F-793208072B18}.Debug|Any CPU.Build.0 = Debug|Any CPU
		{40054579-74E9-4411-938F-793208072B18}.Release|Any CPU.ActiveCfg = Release|Any CPU
		{40054579-74E9-4411-938F-793208072B18}.Release|Any CPU.Build.0 = Release|Any CPU
	EndGlobalSection
	GlobalSection(SolutionProperties) = preSolution
		HideSolutionNode = FALSE
	EndGlobalSection
	GlobalSection(ExtensibilityGlobals) = postSolution
		SolutionGuid = {A75DE400-C349-4481-BC06-2B3DAC75BED3}
	EndGlobalSection
EndGlobal
